
Microsoft Visual Studio Solution File, Format Version 12.00
# Visual Studio Version 16
VisualStudioVersion = 16.0.32002.261
MinimumVisualStudioVersion = 10.0.40219.1
Project("{2150E333-8FDC-42A3-9474-1A3956D46DE8}") = "Services", "Services", "{9148D06E-7C75-46F8-BC00-D5FA54A95698}"
EndProject
Project("{2150E333-8FDC-42A3-9474-1A3956D46DE8}") = "Catalog", "Catalog", "{228DAED7-092B-4686-8289-2A93DCC7CA92}"
EndProject
Project("{9A19103F-16F7-4668-BE54-9A1E7A4F7556}") = "Catalog.API", "Services\Catalog\Catalog.API\Catalog.API.csproj", "{B9C41CFF-B981-4270-B2FD-27DAF56DB7EC}"
EndProject
Project("{E53339B2-1760-4266-BCC7-CA923CBCF16C}") = "docker-compose", "docker-compose.dcproj", "{D00FA969-B13F-4657-9801-81FBFDFB3D2B}"
EndProject
Project("{2150E333-8FDC-42A3-9474-1A3956D46DE8}") = "Basket", "Basket", "{9FCA9B74-2EC5-4E44-87BA-044979FDB8DB}"
EndProject
Project("{FAE04EC0-301F-11D3-BF4B-00C04F79EFBC}") = "Basket.API", "Services\Basket\Basket.API\Basket.API.csproj", "{37167567-4A7D-4A1F-9419-8EB916278604}"
EndProject
Project("{2150E333-8FDC-42A3-9474-1A3956D46DE8}") = "Discount", "Discount", "{EFBA488D-5949-44AA-9CC3-A3E6648346E9}"
EndProject
Project("{FAE04EC0-301F-11D3-BF4B-00C04F79EFBC}") = "Discount.API", "Services\Discount\Discount.API\Discount.API.csproj", "{E682DC03-B06A-4CA9-8E4E-625B25803CFA}"
EndProject
Global
	GlobalSection(SolutionConfigurationPlatforms) = preSolution
		Debug|Any CPU = Debug|Any CPU
		Release|Any CPU = Release|Any CPU
	EndGlobalSection
	GlobalSection(ProjectConfigurationPlatforms) = postSolution
		{B9C41CFF-B981-4270-B2FD-27DAF56DB7EC}.Debug|Any CPU.ActiveCfg = Debug|Any CPU
		{B9C41CFF-B981-4270-B2FD-27DAF56DB7EC}.Debug|Any CPU.Build.0 = Debug|Any CPU
		{B9C41CFF-B981-4270-B2FD-27DAF56DB7EC}.Release|Any CPU.ActiveCfg = Release|Any CPU
		{B9C41CFF-B981-4270-B2FD-27DAF56DB7EC}.Release|Any CPU.Build.0 = Release|Any CPU
		{D00FA969-B13F-4657-9801-81FBFDFB3D2B}.Debug|Any CPU.ActiveCfg = Debug|Any CPU
		{D00FA969-B13F-4657-9801-81FBFDFB3D2B}.Debug|Any CPU.Build.0 = Debug|Any CPU
		{D00FA969-B13F-4657-9801-81FBFDFB3D2B}.Release|Any CPU.ActiveCfg = Release|Any CPU
		{D00FA969-B13F-4657-9801-81FBFDFB3D2B}.Release|Any CPU.Build.0 = Release|Any CPU
		{37167567-4A7D-4A1F-9419-8EB916278604}.Debug|Any CPU.ActiveCfg = Debug|Any CPU
		{37167567-4A7D-4A1F-9419-8EB916278604}.Debug|Any CPU.Build.0 = Debug|Any CPU
		{37167567-4A7D-4A1F-9419-8EB916278604}.Release|Any CPU.ActiveCfg = Release|Any CPU
		{37167567-4A7D-4A1F-9419-8EB916278604}.Release|Any CPU.Build.0 = Release|Any CPU
		{E682DC03-B06A-4CA9-8E4E-625B25803CFA}.Debug|Any CPU.ActiveCfg = Debug|Any CPU
		{E682DC03-B06A-4CA9-8E4E-625B25803CFA}.Debug|Any CPU.Build.0 = Debug|Any CPU
		{E682DC03-B06A-4CA9-8E4E-625B25803CFA}.Release|Any CPU.ActiveCfg = Release|Any CPU
		{E682DC03-B06A-4CA9-8E4E-625B25803CFA}.Release|Any CPU.Build.0 = Release|Any CPU
	EndGlobalSection
	GlobalSection(SolutionProperties) = preSolution
		HideSolutionNode = FALSE
	EndGlobalSection
	GlobalSection(NestedProjects) = preSolution
		{228DAED7-092B-4686-8289-2A93DCC7CA92} = {9148D06E-7C75-46F8-BC00-D5FA54A95698}
		{B9C41CFF-B981-4270-B2FD-27DAF56DB7EC} = {228DAED7-092B-4686-8289-2A93DCC7CA92}
		{9FCA9B74-2EC5-4E44-87BA-044979FDB8DB} = {9148D06E-7C75-46F8-BC00-D5FA54A95698}
		{37167567-4A7D-4A1F-9419-8EB916278604} = {9FCA9B74-2EC5-4E44-87BA-044979FDB8DB}
		{EFBA488D-5949-44AA-9CC3-A3E6648346E9} = {9148D06E-7C75-46F8-BC00-D5FA54A95698}
		{E682DC03-B06A-4CA9-8E4E-625B25803CFA} = {EFBA488D-5949-44AA-9CC3-A3E6648346E9}
	EndGlobalSection
	GlobalSection(ExtensibilityGlobals) = postSolution
		SolutionGuid = {CB8C2335-D5F4-4879-816B-98EE738F5249}
	EndGlobalSection
EndGlobal
