
Microsoft Visual Studio Solution File, Format Version 12.00
# Visual Studio Version 16
VisualStudioVersion = 16.0.32002.261
MinimumVisualStudioVersion = 10.0.40219.1
Project("{2150E333-8FDC-42A3-9474-1A3956D46DE8}") = "Services", "Services", "{9148D06E-7C75-46F8-BC00-D5FA54A95698}"
EndProject
Project("{2150E333-8FDC-42A3-9474-1A3956D46DE8}") = "Catalog", "Catalog", "{228DAED7-092B-4686-8289-2A93DCC7CA92}"
EndProject
Project("{9A19103F-16F7-4668-BE54-9A1E7A4F7556}") = "Catalog.API", "Services\Catalog\Catalog.API\Catalog.API.csproj", "{B9C41CFF-B981-4270-B2FD-27DAF56DB7EC}"
EndProject
Project("{E53339B2-1760-4266-BCC7-CA923CBCF16C}") = "docker-compose", "docker-compose.dcproj", "{D00FA969-B13F-4657-9801-81FBFDFB3D2B}"
EndProject
Project("{2150E333-8FDC-42A3-9474-1A3956D46DE8}") = "Basket", "Basket", "{9FCA9B74-2EC5-4E44-87BA-044979FDB8DB}"
EndProject
Project("{9A19103F-16F7-4668-BE54-9A1E7A4F7556}") = "Basket.API", "Services\Basket\Basket.API\Basket.API.csproj", "{37167567-4A7D-4A1F-9419-8EB916278604}"
EndProject
Project("{2150E333-8FDC-42A3-9474-1A3956D46DE8}") = "Discount", "Discount", "{EFBA488D-5949-44AA-9CC3-A3E6648346E9}"
EndProject
Project("{9A19103F-16F7-4668-BE54-9A1E7A4F7556}") = "Discount.API", "Services\Discount\Discount.API\Discount.API.csproj", "{E682DC03-B06A-4CA9-8E4E-625B25803CFA}"
EndProject
Project("{9A19103F-16F7-4668-BE54-9A1E7A4F7556}") = "Discount.gRPC", "Services\Discount\Discount.gRPC\Discount.gRPC.csproj", "{26AABC28-C887-4F2B-8428-17D2D56A9F11}"
EndProject
Project("{2150E333-8FDC-42A3-9474-1A3956D46DE8}") = "Ordering", "Ordering", "{3C82FB65-E2EC-4182-8032-31C5DF217760}"
EndProject
Project("{9A19103F-16F7-4668-BE54-9A1E7A4F7556}") = "Ordering.API", "Services\Ordering\Ordering.API\Ordering.API.csproj", "{342C32EA-E0A3-49B4-A791-C5CCAB8DA34A}"
EndProject
Project("{9A19103F-16F7-4668-BE54-9A1E7A4F7556}") = "Ordering.Infrastructure", "Services\Ordering\Ordering.Infrastructure\Ordering.Infrastructure.csproj", "{EE21EB60-453E-4D79-8FD6-B83570E3BD9A}"
EndProject
Project("{9A19103F-16F7-4668-BE54-9A1E7A4F7556}") = "Ordering.Domain", "Services\Ordering\Ordering.Domain\Ordering.Domain.csproj", "{09F56FA6-46E8-45DD-AB87-641C3A1F8724}"
EndProject
Project("{9A19103F-16F7-4668-BE54-9A1E7A4F7556}") = "Ordering.Application", "Services\Ordering\Ordering.Application\Ordering.Application.csproj", "{4498D748-35E4-4D22-BB7B-96CBC2B0CC8D}"
EndProject
Global
	GlobalSection(SolutionConfigurationPlatforms) = preSolution
		Debug|Any CPU = Debug|Any CPU
		Release|Any CPU = Release|Any CPU
	EndGlobalSection
	GlobalSection(ProjectConfigurationPlatforms) = postSolution
		{B9C41CFF-B981-4270-B2FD-27DAF56DB7EC}.Debug|Any CPU.ActiveCfg = Debug|Any CPU
		{B9C41CFF-B981-4270-B2FD-27DAF56DB7EC}.Debug|Any CPU.Build.0 = Debug|Any CPU
		{B9C41CFF-B981-4270-B2FD-27DAF56DB7EC}.Release|Any CPU.ActiveCfg = Release|Any CPU
		{B9C41CFF-B981-4270-B2FD-27DAF56DB7EC}.Release|Any CPU.Build.0 = Release|Any CPU
		{D00FA969-B13F-4657-9801-81FBFDFB3D2B}.Debug|Any CPU.ActiveCfg = Debug|Any CPU
		{D00FA969-B13F-4657-9801-81FBFDFB3D2B}.Debug|Any CPU.Build.0 = Debug|Any CPU
		{D00FA969-B13F-4657-9801-81FBFDFB3D2B}.Release|Any CPU.ActiveCfg = Release|Any CPU
		{D00FA969-B13F-4657-9801-81FBFDFB3D2B}.Release|Any CPU.Build.0 = Release|Any CPU
		{37167567-4A7D-4A1F-9419-8EB916278604}.Debug|Any CPU.ActiveCfg = Debug|Any CPU
		{37167567-4A7D-4A1F-9419-8EB916278604}.Debug|Any CPU.Build.0 = Debug|Any CPU
		{37167567-4A7D-4A1F-9419-8EB916278604}.Release|Any CPU.ActiveCfg = Release|Any CPU
		{37167567-4A7D-4A1F-9419-8EB916278604}.Release|Any CPU.Build.0 = Release|Any CPU
		{E682DC03-B06A-4CA9-8E4E-625B25803CFA}.Debug|Any CPU.ActiveCfg = Debug|Any CPU
		{E682DC03-B06A-4CA9-8E4E-625B25803CFA}.Debug|Any CPU.Build.0 = Debug|Any CPU
		{E682DC03-B06A-4CA9-8E4E-625B25803CFA}.Release|Any CPU.ActiveCfg = Release|Any CPU
		{E682DC03-B06A-4CA9-8E4E-625B25803CFA}.Release|Any CPU.Build.0 = Release|Any CPU
		{26AABC28-C887-4F2B-8428-17D2D56A9F11}.Debug|Any CPU.ActiveCfg = Debug|Any CPU
		{26AABC28-C887-4F2B-8428-17D2D56A9F11}.Debug|Any CPU.Build.0 = Debug|Any CPU
		{26AABC28-C887-4F2B-8428-17D2D56A9F11}.Release|Any CPU.ActiveCfg = Release|Any CPU
		{26AABC28-C887-4F2B-8428-17D2D56A9F11}.Release|Any CPU.Build.0 = Release|Any CPU
		{342C32EA-E0A3-49B4-A791-C5CCAB8DA34A}.Debug|Any CPU.ActiveCfg = Debug|Any CPU
		{342C32EA-E0A3-49B4-A791-C5CCAB8DA34A}.Debug|Any CPU.Build.0 = Debug|Any CPU
		{342C32EA-E0A3-49B4-A791-C5CCAB8DA34A}.Release|Any CPU.ActiveCfg = Release|Any CPU
		{342C32EA-E0A3-49B4-A791-C5CCAB8DA34A}.Release|Any CPU.Build.0 = Release|Any CPU
		{EE21EB60-453E-4D79-8FD6-B83570E3BD9A}.Debug|Any CPU.ActiveCfg = Debug|Any CPU
		{EE21EB60-453E-4D79-8FD6-B83570E3BD9A}.Debug|Any CPU.Build.0 = Debug|Any CPU
		{EE21EB60-453E-4D79-8FD6-B83570E3BD9A}.Release|Any CPU.ActiveCfg = Release|Any CPU
		{EE21EB60-453E-4D79-8FD6-B83570E3BD9A}.Release|Any CPU.Build.0 = Release|Any CPU
		{09F56FA6-46E8-45DD-AB87-641C3A1F8724}.Debug|Any CPU.ActiveCfg = Debug|Any CPU
		{09F56FA6-46E8-45DD-AB87-641C3A1F8724}.Debug|Any CPU.Build.0 = Debug|Any CPU
		{09F56FA6-46E8-45DD-AB87-641C3A1F8724}.Release|Any CPU.ActiveCfg = Release|Any CPU
		{09F56FA6-46E8-45DD-AB87-641C3A1F8724}.Release|Any CPU.Build.0 = Release|Any CPU
		{4498D748-35E4-4D22-BB7B-96CBC2B0CC8D}.Debug|Any CPU.ActiveCfg = Debug|Any CPU
		{4498D748-35E4-4D22-BB7B-96CBC2B0CC8D}.Debug|Any CPU.Build.0 = Debug|Any CPU
		{4498D748-35E4-4D22-BB7B-96CBC2B0CC8D}.Release|Any CPU.ActiveCfg = Release|Any CPU
		{4498D748-35E4-4D22-BB7B-96CBC2B0CC8D}.Release|Any CPU.Build.0 = Release|Any CPU
	EndGlobalSection
	GlobalSection(SolutionProperties) = preSolution
		HideSolutionNode = FALSE
	EndGlobalSection
	GlobalSection(NestedProjects) = preSolution
		{228DAED7-092B-4686-8289-2A93DCC7CA92} = {9148D06E-7C75-46F8-BC00-D5FA54A95698}
		{B9C41CFF-B981-4270-B2FD-27DAF56DB7EC} = {228DAED7-092B-4686-8289-2A93DCC7CA92}
		{9FCA9B74-2EC5-4E44-87BA-044979FDB8DB} = {9148D06E-7C75-46F8-BC00-D5FA54A95698}
		{37167567-4A7D-4A1F-9419-8EB916278604} = {9FCA9B74-2EC5-4E44-87BA-044979FDB8DB}
		{EFBA488D-5949-44AA-9CC3-A3E6648346E9} = {9148D06E-7C75-46F8-BC00-D5FA54A95698}
		{E682DC03-B06A-4CA9-8E4E-625B25803CFA} = {EFBA488D-5949-44AA-9CC3-A3E6648346E9}
		{26AABC28-C887-4F2B-8428-17D2D56A9F11} = {EFBA488D-5949-44AA-9CC3-A3E6648346E9}
		{3C82FB65-E2EC-4182-8032-31C5DF217760} = {9148D06E-7C75-46F8-BC00-D5FA54A95698}
		{342C32EA-E0A3-49B4-A791-C5CCAB8DA34A} = {3C82FB65-E2EC-4182-8032-31C5DF217760}
		{EE21EB60-453E-4D79-8FD6-B83570E3BD9A} = {3C82FB65-E2EC-4182-8032-31C5DF217760}
		{09F56FA6-46E8-45DD-AB87-641C3A1F8724} = {3C82FB65-E2EC-4182-8032-31C5DF217760}
		{4498D748-35E4-4D22-BB7B-96CBC2B0CC8D} = {3C82FB65-E2EC-4182-8032-31C5DF217760}
	EndGlobalSection
	GlobalSection(ExtensibilityGlobals) = postSolution
		SolutionGuid = {CB8C2335-D5F4-4879-816B-98EE738F5249}
	EndGlobalSection
EndGlobal
